// !$*UTF8*$!
{
	archiveVersion = 1;
	classes = {
	};
	objectVersion = 46;
	objects = {

/* Begin PBXBuildFile section */
		1232387C1DE9048F003228CC /* AppDelegate.swift in Sources */ = {isa = PBXBuildFile; fileRef = 1232387B1DE9048F003228CC /* AppDelegate.swift */; };
		1232387E1DE9048F003228CC /* ViewController.swift in Sources */ = {isa = PBXBuildFile; fileRef = 1232387D1DE9048F003228CC /* ViewController.swift */; };
		123238811DE9048F003228CC /* Main.storyboard in Resources */ = {isa = PBXBuildFile; fileRef = 1232387F1DE9048F003228CC /* Main.storyboard */; };
		123238831DE9048F003228CC /* Assets.xcassets in Resources */ = {isa = PBXBuildFile; fileRef = 123238821DE9048F003228CC /* Assets.xcassets */; };
		123238861DE9048F003228CC /* LaunchScreen.storyboard in Resources */ = {isa = PBXBuildFile; fileRef = 123238841DE9048F003228CC /* LaunchScreen.storyboard */; };
		1232388E1DE9059F003228CC /* PresentedViewController.swift in Sources */ = {isa = PBXBuildFile; fileRef = 1232388D1DE9059F003228CC /* PresentedViewController.swift */; };
/* End PBXBuildFile section */

/* Begin PBXFileReference section */
		123238781DE9048F003228CC /* Connect Views.app */ = {isa = PBXFileReference; explicitFileType = wrapper.application; includeInIndex = 0; path = "Connect Views.app"; sourceTree = BUILT_PRODUCTS_DIR; };
		1232387B1DE9048F003228CC /* AppDelegate.swift */ = {isa = PBXFileReference; lastKnownFileType = sourcecode.swift; path = AppDelegate.swift; sourceTree = "<group>"; };
		1232387D1DE9048F003228CC /* ViewController.swift */ = {isa = PBXFileReference; lastKnownFileType = sourcecode.swift; path = ViewController.swift; sourceTree = "<group>"; };
		123238801DE9048F003228CC /* Base */ = {isa = PBXFileReference; lastKnownFileType = file.storyboard; name = Base; path = Base.lproj/Main.storyboard; sourceTree = "<group>"; };
		123238821DE9048F003228CC /* Assets.xcassets */ = {isa = PBXFileReference; lastKnownFileType = folder.assetcatalog; path = Assets.xcassets; sourceTree = "<group>"; };
		123238851DE9048F003228CC /* Base */ = {isa = PBXFileReference; lastKnownFileType = file.storyboard; name = Base; path = Base.lproj/LaunchScreen.storyboard; sourceTree = "<group>"; };
		123238871DE9048F003228CC /* Info.plist */ = {isa = PBXFileReference; lastKnownFileType = text.plist.xml; path = Info.plist; sourceTree = "<group>"; };
		1232388D1DE9059F003228CC /* PresentedViewController.swift */ = {isa = PBXFileReference; fileEncoding = 4; lastKnownFileType = sourcecode.swift; path = PresentedViewController.swift; sourceTree = "<group>"; };
/* End PBXFileReference section */

/* Begin PBXFrameworksBuildPhase section */
		123238751DE9048F003228CC /* Frameworks */ = {
			isa = PBXFrameworksBuildPhase;
			buildActionMask = 2147483647;
			files = (
			);
			runOnlyForDeploymentPostprocessing = 0;
		};
/* End PBXFrameworksBuildPhase section */

/* Begin PBXGroup section */
		1232386F1DE9048F003228CC = {
			isa = PBXGroup;
			children = (
				1232387A1DE9048F003228CC /* Connect Views */,
				123238791DE9048F003228CC /* Products */,
			);
			sourceTree = "<group>";
		};
		123238791DE9048F003228CC /* Products */ = {
			isa = PBXGroup;
			children = (
				123238781DE9048F003228CC /* Connect Views.app */,
			);
			name = Products;
			sourceTree = "<group>";
		};
		1232387A1DE9048F003228CC /* Connect Views */ = {
			isa = PBXGroup;
			children = (
				1232387B1DE9048F003228CC /* AppDelegate.swift */,
				1232387D1DE9048F003228CC /* ViewController.swift */,
				1232387F1DE9048F003228CC /* Main.storyboard */,
				1232388D1DE9059F003228CC /* PresentedViewController.swift */,
				123238821DE9048F003228CC /* Assets.xcassets */,
				123238841DE9048F003228CC /* LaunchScreen.storyboard */,
				123238871DE9048F003228CC /* Info.plist */,
			);
			path = "Connect Views";
			sourceTree = "<group>";
		};
/* End PBXGroup section */

/* Begin PBXNativeTarget section */
		123238771DE9048F003228CC /* Connect Views */ = {
			isa = PBXNativeTarget;
			buildConfigurationList = 1232388A1DE9048F003228CC /* Build configuration list for PBXNativeTarget "Connect Views" */;
			buildPhases = (
				123238741DE9048F003228CC /* Sources */,
				123238751DE9048F003228CC /* Frameworks */,
				123238761DE9048F003228CC /* Resources */,
			);
			buildRules = (
			);
			dependencies = (
			);
			name = "Connect Views";
			productName = "Connect Views";
			productReference = 123238781DE9048F003228CC /* Connect Views.app */;
			productType = "com.apple.product-type.application";
		};
/* End PBXNativeTarget section */

/* Begin PBXProject section */
		123238701DE9048F003228CC /* Project object */ = {
			isa = PBXProject;
			attributes = {
				LastSwiftUpdateCheck = 0810;
				LastUpgradeCheck = 0810;
				ORGANIZATIONNAME = "Banfield Hospital";
				TargetAttributes = {
					123238771DE9048F003228CC = {
						CreatedOnToolsVersion = 8.1;
						DevelopmentTeam = 2L9638JVGE;
						ProvisioningStyle = Automatic;
					};
				};
			};
			buildConfigurationList = 123238731DE9048F003228CC /* Build configuration list for PBXProject "Connect Views" */;
			compatibilityVersion = "Xcode 3.2";
			developmentRegion = English;
			hasScannedForEncodings = 0;
			knownRegions = (
				en,
				Base,
			);
			mainGroup = 1232386F1DE9048F003228CC;
			productRefGroup = 123238791DE9048F003228CC /* Products */;
			projectDirPath = "";
			projectRoot = "";
			targets = (
				123238771DE9048F003228CC /* Connect Views */,
			);
		};
/* End PBXProject section */

/* Begin PBXResourcesBuildPhase section */
		123238761DE9048F003228CC /* Resources */ = {
			isa = PBXResourcesBuildPhase;
			buildActionMask = 2147483647;
			files = (
				123238861DE9048F003228CC /* LaunchScreen.storyboard in Resources */,
				123238831DE9048F003228CC /* Assets.xcassets in Resources */,
				123238811DE9048F003228CC /* Main.storyboard in Resources */,
			);
			runOnlyForDeploymentPostprocessing = 0;
		};
/* End PBXResourcesBuildPhase section */

/* Begin PBXSourcesBuildPhase section */
		123238741DE9048F003228CC /* Sources */ = {
			isa = PBXSourcesBuildPhase;
			buildActionMask = 2147483647;
			files = (
				1232387E1DE9048F003228CC /* ViewController.swift in Sources */,
				1232387C1DE9048F003228CC /* AppDelegate.swift in Sources */,
				1232388E1DE9059F003228CC /* PresentedViewController.swift in Sources */,
			);
			runOnlyForDeploymentPostprocessing = 0;
		};
/* End PBXSourcesBuildPhase section */

/* Begin PBXVariantGroup section */
		1232387F1DE9048F003228CC /* Main.storyboard */ = {
			isa = PBXVariantGroup;
			children = (
				123238801DE9048F003228CC /* Base */,
			);
			name = Main.storyboard;
			sourceTree = "<group>";
		};
		123238841DE9048F003228CC /* LaunchScreen.storyboard */ = {
			isa = PBXVariantGroup;
			children = (
				123238851DE9048F003228CC /* Base */,
			);
			name = LaunchScreen.storyboard;
			sourceTree = "<group>";
		};
/* End PBXVariantGroup section */

/* Begin XCBuildConfiguration section */
		123238881DE9048F003228CC /* Debug */ = {
			isa = XCBuildConfiguration;
			buildSettings = {
				ALWAYS_SEARCH_USER_PATHS = NO;
				CLANG_ANALYZER_NONNULL = YES;
				CLANG_CXX_LANGUAGE_STANDARD = "gnu++0x";
				CLANG_CXX_LIBRARY = "libc++";
				CLANG_ENABLE_MODULES = YES;
				CLANG_ENABLE_OBJC_ARC = YES;
				CLANG_WARN_BOOL_CONVERSION = YES;
				CLANG_WARN_CONSTANT_CONVERSION = YES;
				CLANG_WARN_DIRECT_OBJC_ISA_USAGE = YES_ERROR;
				CLANG_WARN_DOCUMENTATION_COMMENTS = YES;
				CLANG_WARN_EMPTY_BODY = YES;
				CLANG_WARN_ENUM_CONVERSION = YES;
				CLANG_WARN_INFINITE_RECURSION = YES;
				CLANG_WARN_INT_CONVERSION = YES;
				CLANG_WARN_OBJC_ROOT_CLASS = YES_ERROR;
				CLANG_WARN_SUSPICIOUS_MOVES = YES;
				CLANG_WARN_UNREACHABLE_CODE = YES;
				CLANG_WARN__DUPLICATE_METHOD_MATCH = YES;
				"CODE_SIGN_IDENTITY[sdk=iphoneos*]" = "iPhone Developer";
				COPY_PHASE_STRIP = NO;
				DEBUG_INFORMATION_FORMAT = dwarf;
				ENABLE_STRICT_OBJC_MSGSEND = YES;
				ENABLE_TESTABILITY = YES;
				GCC_C_LANGUAGE_STANDARD = gnu99;
				GCC_DYNAMIC_NO_PIC = NO;
				GCC_NO_COMMON_BLOCKS = YES;
				GCC_OPTIMIZATION_LEVEL = 0;
				GCC_PREPROCESSOR_DEFINITIONS = (
					"DEBUG=1",
					"$(inherited)",
				);
				GCC_WARN_64_TO_32_BIT_CONVERSION = YES;
				GCC_WARN_ABOUT_RETURN_TYPE = YES_ERROR;
				GCC_WARN_UNDECLARED_SELECTOR = YES;
				GCC_WARN_UNINITIALIZED_AUTOS = YES_AGGRESSIVE;
				GCC_WARN_UNUSED_FUNCTION = YES;
				GCC_WARN_UNUSED_VARIABLE = YES;
				IPHONEOS_DEPLOYMENT_TARGET = 10.1;
				MTL_ENABLE_DEBUG_INFO = YES;
				ONLY_ACTIVE_ARCH = YES;
				SDKROOT = iphoneos;
				SWIFT_ACTIVE_COMPILATION_CONDITIONS = DEBUG;
				SWIFT_OPTIMIZATION_LEVEL = "-Onone";
			};
			name = Debug;
		};
		123238891DE9048F003228CC /* Release */ = {
			isa = XCBuildConfiguration;
			buildSettings = {
				ALWAYS_SEARCH_USER_PATHS = NO;
				CLANG_ANALYZER_NONNULL = YES;
				CLANG_CXX_LANGUAGE_STANDARD = "gnu++0x";
				CLANG_CXX_LIBRARY = "libc++";
				CLANG_ENABLE_MODULES = YES;
				CLANG_ENABLE_OBJC_ARC = YES;
				CLANG_WARN_BOOL_CONVERSION = YES;
				CLANG_WARN_CONSTANT_CONVERSION = YES;
				CLANG_WARN_DIRECT_OBJC_ISA_USAGE = YES_ERROR;
				CLANG_WARN_DOCUMENTATION_COMMENTS = YES;
				CLANG_WARN_EMPTY_BODY = YES;
				CLANG_WARN_ENUM_CONVERSION = YES;
				CLANG_WARN_INFINITE_RECURSION = YES;
				CLANG_WARN_INT_CONVERSION = YES;
				CLANG_WARN_OBJC_ROOT_CLASS = YES_ERROR;
				CLANG_WARN_SUSPICIOUS_MOVES = YES;
				CLANG_WARN_UNREACHABLE_CODE = YES;
				CLANG_WARN__DUPLICATE_METHOD_MATCH = YES;
				"CODE_SIGN_IDENTITY[sdk=iphoneos*]" = "iPhone Developer";
				COPY_PHASE_STRIP = NO;
				DEBUG_INFORMATION_FORMAT = "dwarf-with-dsym";
				ENABLE_NS_ASSERTIONS = NO;
				ENABLE_STRICT_OBJC_MSGSEND = YES;
				GCC_C_LANGUAGE_STANDARD = gnu99;
				GCC_NO_COMMON_BLOCKS = YES;
				GCC_WARN_64_TO_32_BIT_CONVERSION = YES;
				GCC_WARN_ABOUT_RETURN_TYPE = YES_ERROR;
				GCC_WARN_UNDECLARED_SELECTOR = YES;
				GCC_WARN_UNINITIALIZED_AUTOS = YES_AGGRESSIVE;
				GCC_WARN_UNUSED_FUNCTION = YES;
				GCC_WARN_UNUSED_VARIABLE = YES;
				IPHONEOS_DEPLOYMENT_TARGET = 10.1;
				MTL_ENABLE_DEBUG_INFO = NO;
				SDKROOT = iphoneos;
				SWIFT_OPTIMIZATION_LEVEL = "-Owholemodule";
				VALIDATE_PRODUCT = YES;
			};
			name = Release;
		};
		1232388B1DE9048F003228CC /* Debug */ = {
			isa = XCBuildConfiguration;
			buildSettings = {
				ASSETCATALOG_COMPILER_APPICON_NAME = AppIcon;
				DEVELOPMENT_TEAM = 2L9638JVGE;
				INFOPLIST_FILE = "Connect Views/Info.plist";
				LD_RUNPATH_SEARCH_PATHS = "$(inherited) @executable_path/Frameworks";
				PRODUCT_BUNDLE_IDENTIFIER = "local.mmi.quiz.Connect-Views";
				PRODUCT_NAME = "$(TARGET_NAME)";
				SWIFT_VERSION = 3.0;
			};
			name = Debug;
		};
		1232388C1DE9048F003228CC /* Release */ = {
			isa = XCBuildConfiguration;
			buildSettings = {
				ASSETCATALOG_COMPILER_APPICON_NAME = AppIcon;
				DEVELOPMENT_TEAM = 2L9638JVGE;
				INFOPLIST_FILE = "Connect Views/Info.plist";
				LD_RUNPATH_SEARCH_PATHS = "$(inherited) @executable_path/Frameworks";
				PRODUCT_BUNDLE_IDENTIFIER = "local.mmi.quiz.Connect-Views";
				PRODUCT_NAME = "$(TARGET_NAME)";
				SWIFT_VERSION = 3.0;
			};
			name = Release;
		};
/* End XCBuildConfiguration section */

/* Begin XCConfigurationList section */
		123238731DE9048F003228CC /* Build configuration list for PBXProject "Connect Views" */ = {
			isa = XCConfigurationList;
			buildConfigurations = (
				123238881DE9048F003228CC /* Debug */,
				123238891DE9048F003228CC /* Release */,
			);
			defaultConfigurationIsVisible = 0;
			defaultConfigurationName = Release;
		};
		1232388A1DE9048F003228CC /* Build configuration list for PBXNativeTarget "Connect Views" */ = {
			isa = XCConfigurationList;
			buildConfigurations = (
				1232388B1DE9048F003228CC /* Debug */,
				1232388C1DE9048F003228CC /* Release */,
			);
			defaultConfigurationIsVisible = 0;
		};
/* End XCConfigurationList section */
	};
	rootObject = 123238701DE9048F003228CC /* Project object */;
}
